
Microsoft Visual Studio Solution File, Format Version 12.00
# Visual Studio Version 17
VisualStudioVersion = 17.5.002.0
MinimumVisualStudioVersion = 10.0.40219.1
Project("{9A19103F-16F7-4668-BE54-9A1E7A4F7556}") = "HelloWorld", "HelloWorld.csproj", "{DAD9E239-2B2F-4E87-B767-BC51CA51BA95}"
EndProject
Global
	GlobalSection(SolutionConfigurationPlatforms) = preSolution
		Debug|Any CPU = Debug|Any CPU
		Release|Any CPU = Release|Any CPU
	EndGlobalSection
	GlobalSection(ProjectConfigurationPlatforms) = postSolution
		{DAD9E239-2B2F-4E87-B767-BC51CA51BA95}.Debug|Any CPU.ActiveCfg = Debug|Any CPU
		{DAD9E239-2B2F-4E87-B767-BC51CA51BA95}.Debug|Any CPU.Build.0 = Debug|Any CPU
		{DAD9E239-2B2F-4E87-B767-BC51CA51BA95}.Release|Any CPU.ActiveCfg = Release|Any CPU
		{DAD9E239-2B2F-4E87-B767-BC51CA51BA95}.Release|Any CPU.Build.0 = Release|Any CPU
	EndGlobalSection
	GlobalSection(SolutionProperties) = preSolution
		HideSolutionNode = FALSE
	EndGlobalSection
	GlobalSection(ExtensibilityGlobals) = postSolution
		SolutionGuid = {A03BB35C-1882-4670-803D-31A888D2B104}
	EndGlobalSection
EndGlobal
